{
  "nodes": {
    "nixpkgs": {
      "locked": {
        "lastModified": 1788549839,
        "narHash": "sha256-kOrCcSIA6w9J1hX5DqHy2k9pDTJymExTsbV74U9UtCA=",
        "owner": "NixOS",
        "repo": "nixpkgs",
        "rev": "17de0b976395537756f30a3e78f2f06e5cec89ed",
        "type": "github"
      },
      "original": {
        "owner": "NixOS",
        "ref": "nixpkgs-unstable",
        "repo": "nixpkgs",
        "type": "github"
      }
    },
    "nvm-src": {
      "flake": false,
      "locked": {
        "lastModified": 1784149794,
        "narHash": "sha256-60diMTawrIlyB29GrYcRuv5RBawGxpW82FHYWmHQgbg=",
        "owner": "nvm-sh",
        "repo": "nvm",
        "rev": "b6cf55f6adf3b953d0e5e00a4049444e300e3af8",
        "type": "github"
      },
      "original": {
        "owner": "nvm-sh",
        "ref": "v0.40.6",
        "repo": "nvm",
        "type": "github"
      }
    },
    "root": {
      "inputs": {
        "nixpkgs": "nixpkgs",
        "nvm-src": "nvm-src"
      }
    }
  },
  "root": "root",
  "version": 7
}
